
Microsoft Visual Studio Solution File, Format Version 12.00
# Visual Studio Version 16
VisualStudioVersion = 16.0.30621.155
MinimumVisualStudioVersion = 10.0.40219.1
Project("{9A19103F-16F7-4668-BE54-9A1E7A4F7556}") = "AzureServiceBus", "AzureServiceBus\AzureServiceBus.csproj", "{D65077A5-BA29-46F2-A931-E9FEAAD1015F}"
EndProject
Project("{9A19103F-16F7-4668-BE54-9A1E7A4F7556}") = "Message.Sender", "Message.Sender\Message.Sender.csproj", "{44AC17AF-5F72-4041-A119-2CD17BD88C87}"
EndProject
Project("{9A19103F-16F7-4668-BE54-9A1E7A4F7556}") = "Message.Receiver", "Message.Receiver\Message.Receiver.csproj", "{7B9D1116-0AF7-442A-9610-A3BB64DB994C}"
EndProject
Project("{9A19103F-16F7-4668-BE54-9A1E7A4F7556}") = "ChatApp", "ChatApp.Console\ChatApp.csproj", "{8BB15E8A-1ECF-49D9-9226-74BBE823ED54}"
EndProject
Project("{9A19103F-16F7-4668-BE54-9A1E7A4F7556}") = "ServiceBus.Management", "ServiceBusManagement\ServiceBus.Management.csproj", "{15726319-BE19-4DB5-8F94-18D3413446CF}"
EndProject
Project("{9A19103F-16F7-4668-BE54-9A1E7A4F7556}") = "MessageEntity", "MessageEntity\MessageEntity.csproj", "{B3FB5161-1210-4D29-8B3F-B9EA031ACC3A}"
EndProject
Global
	GlobalSection(SolutionConfigurationPlatforms) = preSolution
		Debug|Any CPU = Debug|Any CPU
		Release|Any CPU = Release|Any CPU
	EndGlobalSection
	GlobalSection(ProjectConfigurationPlatforms) = postSolution
		{D65077A5-BA29-46F2-A931-E9FEAAD1015F}.Debug|Any CPU.ActiveCfg = Debug|Any CPU
		{D65077A5-BA29-46F2-A931-E9FEAAD1015F}.Debug|Any CPU.Build.0 = Debug|Any CPU
		{D65077A5-BA29-46F2-A931-E9FEAAD1015F}.Release|Any CPU.ActiveCfg = Release|Any CPU
		{D65077A5-BA29-46F2-A931-E9FEAAD1015F}.Release|Any CPU.Build.0 = Release|Any CPU
		{44AC17AF-5F72-4041-A119-2CD17BD88C87}.Debug|Any CPU.ActiveCfg = Debug|Any CPU
		{44AC17AF-5F72-4041-A119-2CD17BD88C87}.Debug|Any CPU.Build.0 = Debug|Any CPU
		{44AC17AF-5F72-4041-A119-2CD17BD88C87}.Release|Any CPU.ActiveCfg = Release|Any CPU
		{44AC17AF-5F72-4041-A119-2CD17BD88C87}.Release|Any CPU.Build.0 = Release|Any CPU
		{7B9D1116-0AF7-442A-9610-A3BB64DB994C}.Debug|Any CPU.ActiveCfg = Debug|Any CPU
		{7B9D1116-0AF7-442A-9610-A3BB64DB994C}.Debug|Any CPU.Build.0 = Debug|Any CPU
		{7B9D1116-0AF7-442A-9610-A3BB64DB994C}.Release|Any CPU.ActiveCfg = Release|Any CPU
		{7B9D1116-0AF7-442A-9610-A3BB64DB994C}.Release|Any CPU.Build.0 = Release|Any CPU
		{8BB15E8A-1ECF-49D9-9226-74BBE823ED54}.Debug|Any CPU.ActiveCfg = Debug|Any CPU
		{8BB15E8A-1ECF-49D9-9226-74BBE823ED54}.Debug|Any CPU.Build.0 = Debug|Any CPU
		{8BB15E8A-1ECF-49D9-9226-74BBE823ED54}.Release|Any CPU.ActiveCfg = Release|Any CPU
		{8BB15E8A-1ECF-49D9-9226-74BBE823ED54}.Release|Any CPU.Build.0 = Release|Any CPU
		{15726319-BE19-4DB5-8F94-18D3413446CF}.Debug|Any CPU.ActiveCfg = Debug|Any CPU
		{15726319-BE19-4DB5-8F94-18D3413446CF}.Debug|Any CPU.Build.0 = Debug|Any CPU
		{15726319-BE19-4DB5-8F94-18D3413446CF}.Release|Any CPU.ActiveCfg = Release|Any CPU
		{15726319-BE19-4DB5-8F94-18D3413446CF}.Release|Any CPU.Build.0 = Release|Any CPU
		{B3FB5161-1210-4D29-8B3F-B9EA031ACC3A}.Debug|Any CPU.ActiveCfg = Debug|Any CPU
		{B3FB5161-1210-4D29-8B3F-B9EA031ACC3A}.Debug|Any CPU.Build.0 = Debug|Any CPU
		{B3FB5161-1210-4D29-8B3F-B9EA031ACC3A}.Release|Any CPU.ActiveCfg = Release|Any CPU
		{B3FB5161-1210-4D29-8B3F-B9EA031ACC3A}.Release|Any CPU.Build.0 = Release|Any CPU
	EndGlobalSection
	GlobalSection(SolutionProperties) = preSolution
		HideSolutionNode = FALSE
	EndGlobalSection
	GlobalSection(ExtensibilityGlobals) = postSolution
		SolutionGuid = {F4E98CB1-28E5-4EA1-97DC-A2D2E2479480}
	EndGlobalSection
EndGlobal
