
Microsoft Visual Studio Solution File, Format Version 12.00
# Visual Studio Version 16
VisualStudioVersion = 16.0.31424.327
MinimumVisualStudioVersion = 10.0.40219.1
Project("{9A19103F-16F7-4668-BE54-9A1E7A4F7556}") = "TopicsAndSubscription.Service", "TopicsAndSubscription.Service\TopicsAndSubscription.Service.csproj", "{7CEA2B9F-A643-4BF2-A268-8CADFF491AEF}"
EndProject
Project("{9A19103F-16F7-4668-BE54-9A1E7A4F7556}") = "TopicsAndSubscription.WebApp", "TopicsAndSubscription.WebApp\TopicsAndSubscription.WebApp.csproj", "{1275318E-4655-4AB2-9AF7-06AE8E40D8F5}"
EndProject
Project("{FAE04EC0-301F-11D3-BF4B-00C04F79EFBC}") = "TopicsAndSubscription.Service.Framework", "TopicsAndSubscription.Service.Framework\TopicsAndSubscription.Service.Framework.csproj", "{668959E4-200E-4169-BE33-D4621A92E6E8}"
EndProject
Global
	GlobalSection(SolutionConfigurationPlatforms) = preSolution
		Debug|Any CPU = Debug|Any CPU
		Release|Any CPU = Release|Any CPU
	EndGlobalSection
	GlobalSection(ProjectConfigurationPlatforms) = postSolution
		{7CEA2B9F-A643-4BF2-A268-8CADFF491AEF}.Debug|Any CPU.ActiveCfg = Debug|Any CPU
		{7CEA2B9F-A643-4BF2-A268-8CADFF491AEF}.Debug|Any CPU.Build.0 = Debug|Any CPU
		{7CEA2B9F-A643-4BF2-A268-8CADFF491AEF}.Release|Any CPU.ActiveCfg = Release|Any CPU
		{7CEA2B9F-A643-4BF2-A268-8CADFF491AEF}.Release|Any CPU.Build.0 = Release|Any CPU
		{1275318E-4655-4AB2-9AF7-06AE8E40D8F5}.Debug|Any CPU.ActiveCfg = Debug|Any CPU
		{1275318E-4655-4AB2-9AF7-06AE8E40D8F5}.Debug|Any CPU.Build.0 = Debug|Any CPU
		{1275318E-4655-4AB2-9AF7-06AE8E40D8F5}.Release|Any CPU.ActiveCfg = Release|Any CPU
		{1275318E-4655-4AB2-9AF7-06AE8E40D8F5}.Release|Any CPU.Build.0 = Release|Any CPU
		{668959E4-200E-4169-BE33-D4621A92E6E8}.Debug|Any CPU.ActiveCfg = Debug|Any CPU
		{668959E4-200E-4169-BE33-D4621A92E6E8}.Debug|Any CPU.Build.0 = Debug|Any CPU
		{668959E4-200E-4169-BE33-D4621A92E6E8}.Release|Any CPU.ActiveCfg = Release|Any CPU
		{668959E4-200E-4169-BE33-D4621A92E6E8}.Release|Any CPU.Build.0 = Release|Any CPU
	EndGlobalSection
	GlobalSection(SolutionProperties) = preSolution
		HideSolutionNode = FALSE
	EndGlobalSection
	GlobalSection(ExtensibilityGlobals) = postSolution
		SolutionGuid = {7226DA80-71D5-4DB3-BAB3-9DC6484EB735}
	EndGlobalSection
EndGlobal
